
Microsoft Visual Studio Solution File, Format Version 12.00
# Visual Studio Version 17
VisualStudioVersion = 17.10.34928.147
MinimumVisualStudioVersion = 10.0.40219.1
Project("{FAE04EC0-301F-11D3-BF4B-00C04F79EFBC}") = "ejer13", "ejer13.csproj", "{7D009A0C-794D-4CD5-AA38-5EC112F845E4}"
EndProject
Global
	GlobalSection(SolutionConfigurationPlatforms) = preSolution
		Debug|Any CPU = Debug|Any CPU
		Release|Any CPU = Release|Any CPU
	EndGlobalSection
	GlobalSection(ProjectConfigurationPlatforms) = postSolution
		{7D009A0C-794D-4CD5-AA38-5EC112F845E4}.Debug|Any CPU.ActiveCfg = Debug|Any CPU
		{7D009A0C-794D-4CD5-AA38-5EC112F845E4}.Debug|Any CPU.Build.0 = Debug|Any CPU
		{7D009A0C-794D-4CD5-AA38-5EC112F845E4}.Release|Any CPU.ActiveCfg = Release|Any CPU
		{7D009A0C-794D-4CD5-AA38-5EC112F845E4}.Release|Any CPU.Build.0 = Release|Any CPU
	EndGlobalSection
	GlobalSection(SolutionProperties) = preSolution
		HideSolutionNode = FALSE
	EndGlobalSection
	GlobalSection(ExtensibilityGlobals) = postSolution
		SolutionGuid = {1596C99B-8318-47A7-8411-58B08AB8FAEC}
	EndGlobalSection
EndGlobal
