
Microsoft Visual Studio Solution File, Format Version 12.00
# Visual Studio Version 17
VisualStudioVersion = 17.10.34928.147
MinimumVisualStudioVersion = 10.0.40219.1
Project("{FAE04EC0-301F-11D3-BF4B-00C04F79EFBC}") = "ejer09", "ejer09.csproj", "{055DF93F-828C-40F5-90F4-AC7748A85D2C}"
EndProject
Global
	GlobalSection(SolutionConfigurationPlatforms) = preSolution
		Debug|Any CPU = Debug|Any CPU
		Release|Any CPU = Release|Any CPU
	EndGlobalSection
	GlobalSection(ProjectConfigurationPlatforms) = postSolution
		{055DF93F-828C-40F5-90F4-AC7748A85D2C}.Debug|Any CPU.ActiveCfg = Debug|Any CPU
		{055DF93F-828C-40F5-90F4-AC7748A85D2C}.Debug|Any CPU.Build.0 = Debug|Any CPU
		{055DF93F-828C-40F5-90F4-AC7748A85D2C}.Release|Any CPU.ActiveCfg = Release|Any CPU
		{055DF93F-828C-40F5-90F4-AC7748A85D2C}.Release|Any CPU.Build.0 = Release|Any CPU
	EndGlobalSection
	GlobalSection(SolutionProperties) = preSolution
		HideSolutionNode = FALSE
	EndGlobalSection
	GlobalSection(ExtensibilityGlobals) = postSolution
		SolutionGuid = {C37DD432-B376-4177-A2F3-E0697269FE8A}
	EndGlobalSection
EndGlobal
