
Microsoft Visual Studio Solution File, Format Version 12.00
# Visual Studio Version 17
VisualStudioVersion = 17.10.34928.147
MinimumVisualStudioVersion = 10.0.40219.1
Project("{FAE04EC0-301F-11D3-BF4B-00C04F79EFBC}") = "ejer03", "ejer03.csproj", "{2F6058A4-DA7E-4ECA-A147-707F155C5083}"
EndProject
Global
	GlobalSection(SolutionConfigurationPlatforms) = preSolution
		Debug|Any CPU = Debug|Any CPU
		Release|Any CPU = Release|Any CPU
	EndGlobalSection
	GlobalSection(ProjectConfigurationPlatforms) = postSolution
		{2F6058A4-DA7E-4ECA-A147-707F155C5083}.Debug|Any CPU.ActiveCfg = Debug|Any CPU
		{2F6058A4-DA7E-4ECA-A147-707F155C5083}.Debug|Any CPU.Build.0 = Debug|Any CPU
		{2F6058A4-DA7E-4ECA-A147-707F155C5083}.Release|Any CPU.ActiveCfg = Release|Any CPU
		{2F6058A4-DA7E-4ECA-A147-707F155C5083}.Release|Any CPU.Build.0 = Release|Any CPU
	EndGlobalSection
	GlobalSection(SolutionProperties) = preSolution
		HideSolutionNode = FALSE
	EndGlobalSection
	GlobalSection(ExtensibilityGlobals) = postSolution
		SolutionGuid = {D03F507B-BF24-43F6-A5F8-A3094C9FFF65}
	EndGlobalSection
EndGlobal
