
Microsoft Visual Studio Solution File, Format Version 12.00
# Visual Studio Version 17
VisualStudioVersion = 17.10.34928.147
MinimumVisualStudioVersion = 10.0.40219.1
Project("{FAE04EC0-301F-11D3-BF4B-00C04F79EFBC}") = "ejer14", "ejer14.csproj", "{A39B2EA3-2AC9-499F-8E5F-E67467A9735A}"
EndProject
Global
	GlobalSection(SolutionConfigurationPlatforms) = preSolution
		Debug|Any CPU = Debug|Any CPU
		Release|Any CPU = Release|Any CPU
	EndGlobalSection
	GlobalSection(ProjectConfigurationPlatforms) = postSolution
		{A39B2EA3-2AC9-499F-8E5F-E67467A9735A}.Debug|Any CPU.ActiveCfg = Debug|Any CPU
		{A39B2EA3-2AC9-499F-8E5F-E67467A9735A}.Debug|Any CPU.Build.0 = Debug|Any CPU
		{A39B2EA3-2AC9-499F-8E5F-E67467A9735A}.Release|Any CPU.ActiveCfg = Release|Any CPU
		{A39B2EA3-2AC9-499F-8E5F-E67467A9735A}.Release|Any CPU.Build.0 = Release|Any CPU
	EndGlobalSection
	GlobalSection(SolutionProperties) = preSolution
		HideSolutionNode = FALSE
	EndGlobalSection
	GlobalSection(ExtensibilityGlobals) = postSolution
		SolutionGuid = {80ED6A69-AACB-4E07-9832-2E80F12E749A}
	EndGlobalSection
EndGlobal
